// !$*UTF8*$!
{
	archiveVersion = 1;
	classes = {
	};
	objectVersion = 50;
	objects = {

/* Begin PBXBuildFile section */
		1B6C0001240A81C7007D0D6D /* NextViewController.swift in Sources */ = {isa = PBXBuildFile; fileRef = 1B6C0000240A81C7007D0D6D /* NextViewController.swift */; };
		1B6C0003240A82E5007D0D6D /* ViewController.swift in Sources */ = {isa = PBXBuildFile; fileRef = 1B6C0002240A82E5007D0D6D /* ViewController.swift */; };
		1B6C0005240A9FEF007D0D6D /* ImagesModel.swift in Sources */ = {isa = PBXBuildFile; fileRef = 1B6C0004240A9FEF007D0D6D /* ImagesModel.swift */; };
		1B6C0007240AA0EB007D0D6D /* ImagesList.swift in Sources */ = {isa = PBXBuildFile; fileRef = 1B6C0006240AA0EB007D0D6D /* ImagesList.swift */; };
		1B6C0009240AB53A007D0D6D /* SoundFile.swift in Sources */ = {isa = PBXBuildFile; fileRef = 1B6C0008240AB53A007D0D6D /* SoundFile.swift */; };
		1B6C000D240AB920007D0D6D /* WithOutMP3.swift in Sources */ = {isa = PBXBuildFile; fileRef = 1B6C000C240AB920007D0D6D /* WithOutMP3.swift */; };
		1B6C000F240ABDB9007D0D6D /* ChangeColor.swift in Sources */ = {isa = PBXBuildFile; fileRef = 1B6C000E240ABDB9007D0D6D /* ChangeColor.swift */; };
		1B6CFFE4240A7A99007D0D6D /* AppDelegate.swift in Sources */ = {isa = PBXBuildFile; fileRef = 1B6CFFE3240A7A99007D0D6D /* AppDelegate.swift */; };
		1B6CFFE6240A7A99007D0D6D /* SceneDelegate.swift in Sources */ = {isa = PBXBuildFile; fileRef = 1B6CFFE5240A7A99007D0D6D /* SceneDelegate.swift */; };
		1B6CFFEB240A7A99007D0D6D /* Main.storyboard in Resources */ = {isa = PBXBuildFile; fileRef = 1B6CFFE9240A7A99007D0D6D /* Main.storyboard */; };
		1B6CFFED240A7A9C007D0D6D /* Assets.xcassets in Resources */ = {isa = PBXBuildFile; fileRef = 1B6CFFEC240A7A9C007D0D6D /* Assets.xcassets */; };
		1B6CFFF0240A7A9C007D0D6D /* LaunchScreen.storyboard in Resources */ = {isa = PBXBuildFile; fileRef = 1B6CFFEE240A7A9C007D0D6D /* LaunchScreen.storyboard */; };
		1B6CFFFA240A7FB5007D0D6D /* maruSound.mp3 in Resources */ = {isa = PBXBuildFile; fileRef = 1B6CFFF7240A7FB5007D0D6D /* maruSound.mp3 */; };
		1B6CFFFB240A7FB5007D0D6D /* batsuSound.mp3 in Resources */ = {isa = PBXBuildFile; fileRef = 1B6CFFF8240A7FB5007D0D6D /* batsuSound.mp3 */; };
		1B6CFFFC240A7FB5007D0D6D /* sound.mp3 in Resources */ = {isa = PBXBuildFile; fileRef = 1B6CFFF9240A7FB5007D0D6D /* sound.mp3 */; };
/* End PBXBuildFile section */

/* Begin PBXFileReference section */
		1B6C0000240A81C7007D0D6D /* NextViewController.swift */ = {isa = PBXFileReference; lastKnownFileType = sourcecode.swift; path = NextViewController.swift; sourceTree = "<group>"; };
		1B6C0002240A82E5007D0D6D /* ViewController.swift */ = {isa = PBXFileReference; lastKnownFileType = sourcecode.swift; path = ViewController.swift; sourceTree = "<group>"; };
		1B6C0004240A9FEF007D0D6D /* ImagesModel.swift */ = {isa = PBXFileReference; lastKnownFileType = sourcecode.swift; path = ImagesModel.swift; sourceTree = "<group>"; };
		1B6C0006240AA0EB007D0D6D /* ImagesList.swift */ = {isa = PBXFileReference; lastKnownFileType = sourcecode.swift; path = ImagesList.swift; sourceTree = "<group>"; };
		1B6C0008240AB53A007D0D6D /* SoundFile.swift */ = {isa = PBXFileReference; lastKnownFileType = sourcecode.swift; path = SoundFile.swift; sourceTree = "<group>"; };
		1B6C000C240AB920007D0D6D /* WithOutMP3.swift */ = {isa = PBXFileReference; lastKnownFileType = sourcecode.swift; path = WithOutMP3.swift; sourceTree = "<group>"; };
		1B6C000E240ABDB9007D0D6D /* ChangeColor.swift */ = {isa = PBXFileReference; lastKnownFileType = sourcecode.swift; path = ChangeColor.swift; sourceTree = "<group>"; };
		1B6CFFE0240A7A99007D0D6D /* QuestionApp.app */ = {isa = PBXFileReference; explicitFileType = wrapper.application; includeInIndex = 0; path = QuestionApp.app; sourceTree = BUILT_PRODUCTS_DIR; };
		1B6CFFE3240A7A99007D0D6D /* AppDelegate.swift */ = {isa = PBXFileReference; lastKnownFileType = sourcecode.swift; path = AppDelegate.swift; sourceTree = "<group>"; };
		1B6CFFE5240A7A99007D0D6D /* SceneDelegate.swift */ = {isa = PBXFileReference; lastKnownFileType = sourcecode.swift; path = SceneDelegate.swift; sourceTree = "<group>"; };
		1B6CFFEA240A7A99007D0D6D /* Base */ = {isa = PBXFileReference; lastKnownFileType = file.storyboard; name = Base; path = Base.lproj/Main.storyboard; sourceTree = "<group>"; };
		1B6CFFEC240A7A9C007D0D6D /* Assets.xcassets */ = {isa = PBXFileReference; lastKnownFileType = folder.assetcatalog; path = Assets.xcassets; sourceTree = "<group>"; };
		1B6CFFEF240A7A9C007D0D6D /* Base */ = {isa = PBXFileReference; lastKnownFileType = file.storyboard; name = Base; path = Base.lproj/LaunchScreen.storyboard; sourceTree = "<group>"; };
		1B6CFFF1240A7A9C007D0D6D /* Info.plist */ = {isa = PBXFileReference; lastKnownFileType = text.plist.xml; path = Info.plist; sourceTree = "<group>"; };
		1B6CFFF7240A7FB5007D0D6D /* maruSound.mp3 */ = {isa = PBXFileReference; lastKnownFileType = audio.mp3; path = maruSound.mp3; sourceTree = "<group>"; };
		1B6CFFF8240A7FB5007D0D6D /* batsuSound.mp3 */ = {isa = PBXFileReference; lastKnownFileType = audio.mp3; path = batsuSound.mp3; sourceTree = "<group>"; };
		1B6CFFF9240A7FB5007D0D6D /* sound.mp3 */ = {isa = PBXFileReference; lastKnownFileType = audio.mp3; path = sound.mp3; sourceTree = "<group>"; };
/* End PBXFileReference section */

/* Begin PBXFrameworksBuildPhase section */
		1B6CFFDD240A7A98007D0D6D /* Frameworks */ = {
			isa = PBXFrameworksBuildPhase;
			buildActionMask = 2147483647;
			files = (
			);
			runOnlyForDeploymentPostprocessing = 0;
		};
/* End PBXFrameworksBuildPhase section */

/* Begin PBXGroup section */
		1B6CFFD7240A7A98007D0D6D = {
			isa = PBXGroup;
			children = (
				1B6CFFE2240A7A99007D0D6D /* QuestionApp */,
				1B6CFFE1240A7A99007D0D6D /* Products */,
			);
			sourceTree = "<group>";
		};
		1B6CFFE1240A7A99007D0D6D /* Products */ = {
			isa = PBXGroup;
			children = (
				1B6CFFE0240A7A99007D0D6D /* QuestionApp.app */,
			);
			name = Products;
			sourceTree = "<group>";
		};
		1B6CFFE2240A7A99007D0D6D /* QuestionApp */ = {
			isa = PBXGroup;
			children = (
				1B6CFFFD240A8074007D0D6D /* Model */,
				1B6CFFFF240A8094007D0D6D /* View */,
				1B6CFFFE240A808A007D0D6D /* Controller */,
				1B6CFFEE240A7A9C007D0D6D /* LaunchScreen.storyboard */,
				1B6CFFF8240A7FB5007D0D6D /* batsuSound.mp3 */,
				1B6CFFF7240A7FB5007D0D6D /* maruSound.mp3 */,
				1B6CFFF9240A7FB5007D0D6D /* sound.mp3 */,
				1B6CFFF1240A7A9C007D0D6D /* Info.plist */,
			);
			path = QuestionApp;
			sourceTree = "<group>";
		};
		1B6CFFFD240A8074007D0D6D /* Model */ = {
			isa = PBXGroup;
			children = (
				1B6C0004240A9FEF007D0D6D /* ImagesModel.swift */,
				1B6C0006240AA0EB007D0D6D /* ImagesList.swift */,
				1B6C0008240AB53A007D0D6D /* SoundFile.swift */,
				1B6C000C240AB920007D0D6D /* WithOutMP3.swift */,
				1B6C000E240ABDB9007D0D6D /* ChangeColor.swift */,
			);
			path = Model;
			sourceTree = "<group>";
		};
		1B6CFFFE240A808A007D0D6D /* Controller */ = {
			isa = PBXGroup;
			children = (
				1B6CFFE3240A7A99007D0D6D /* AppDelegate.swift */,
				1B6CFFE5240A7A99007D0D6D /* SceneDelegate.swift */,
				1B6C0000240A81C7007D0D6D /* NextViewController.swift */,
				1B6C0002240A82E5007D0D6D /* ViewController.swift */,
			);
			path = Controller;
			sourceTree = "<group>";
		};
		1B6CFFFF240A8094007D0D6D /* View */ = {
			isa = PBXGroup;
			children = (
				1B6CFFE9240A7A99007D0D6D /* Main.storyboard */,
				1B6CFFEC240A7A9C007D0D6D /* Assets.xcassets */,
			);
			path = View;
			sourceTree = "<group>";
		};
/* End PBXGroup section */

/* Begin PBXNativeTarget section */
		1B6CFFDF240A7A98007D0D6D /* QuestionApp */ = {
			isa = PBXNativeTarget;
			buildConfigurationList = 1B6CFFF4240A7A9C007D0D6D /* Build configuration list for PBXNativeTarget "QuestionApp" */;
			buildPhases = (
				1B6CFFDC240A7A98007D0D6D /* Sources */,
				1B6CFFDD240A7A98007D0D6D /* Frameworks */,
				1B6CFFDE240A7A98007D0D6D /* Resources */,
			);
			buildRules = (
			);
			dependencies = (
			);
			name = QuestionApp;
			productName = QuestionApp;
			productReference = 1B6CFFE0240A7A99007D0D6D /* QuestionApp.app */;
			productType = "com.apple.product-type.application";
		};
/* End PBXNativeTarget section */

/* Begin PBXProject section */
		1B6CFFD8240A7A98007D0D6D /* Project object */ = {
			isa = PBXProject;
			attributes = {
				LastSwiftUpdateCheck = 1130;
				LastUpgradeCheck = 1130;
				ORGANIZATIONNAME = "中條航紀";
				TargetAttributes = {
					1B6CFFDF240A7A98007D0D6D = {
						CreatedOnToolsVersion = 11.3.1;
					};
				};
			};
			buildConfigurationList = 1B6CFFDB240A7A98007D0D6D /* Build configuration list for PBXProject "QuestionApp" */;
			compatibilityVersion = "Xcode 9.3";
			developmentRegion = en;
			hasScannedForEncodings = 0;
			knownRegions = (
				en,
				Base,
			);
			mainGroup = 1B6CFFD7240A7A98007D0D6D;
			productRefGroup = 1B6CFFE1240A7A99007D0D6D /* Products */;
			projectDirPath = "";
			projectRoot = "";
			targets = (
				1B6CFFDF240A7A98007D0D6D /* QuestionApp */,
			);
		};
/* End PBXProject section */

/* Begin PBXResourcesBuildPhase section */
		1B6CFFDE240A7A98007D0D6D /* Resources */ = {
			isa = PBXResourcesBuildPhase;
			buildActionMask = 2147483647;
			files = (
				1B6CFFF0240A7A9C007D0D6D /* LaunchScreen.storyboard in Resources */,
				1B6CFFFA240A7FB5007D0D6D /* maruSound.mp3 in Resources */,
				1B6CFFED240A7A9C007D0D6D /* Assets.xcassets in Resources */,
				1B6CFFFB240A7FB5007D0D6D /* batsuSound.mp3 in Resources */,
				1B6CFFFC240A7FB5007D0D6D /* sound.mp3 in Resources */,
				1B6CFFEB240A7A99007D0D6D /* Main.storyboard in Resources */,
			);
			runOnlyForDeploymentPostprocessing = 0;
		};
/* End PBXResourcesBuildPhase section */

/* Begin PBXSourcesBuildPhase section */
		1B6CFFDC240A7A98007D0D6D /* Sources */ = {
			isa = PBXSourcesBuildPhase;
			buildActionMask = 2147483647;
			files = (
				1B6C0001240A81C7007D0D6D /* NextViewController.swift in Sources */,
				1B6C0009240AB53A007D0D6D /* SoundFile.swift in Sources */,
				1B6C0007240AA0EB007D0D6D /* ImagesList.swift in Sources */,
				1B6CFFE4240A7A99007D0D6D /* AppDelegate.swift in Sources */,
				1B6C0003240A82E5007D0D6D /* ViewController.swift in Sources */,
				1B6CFFE6240A7A99007D0D6D /* SceneDelegate.swift in Sources */,
				1B6C000F240ABDB9007D0D6D /* ChangeColor.swift in Sources */,
				1B6C0005240A9FEF007D0D6D /* ImagesModel.swift in Sources */,
				1B6C000D240AB920007D0D6D /* WithOutMP3.swift in Sources */,
			);
			runOnlyForDeploymentPostprocessing = 0;
		};
/* End PBXSourcesBuildPhase section */

/* Begin PBXVariantGroup section */
		1B6CFFE9240A7A99007D0D6D /* Main.storyboard */ = {
			isa = PBXVariantGroup;
			children = (
				1B6CFFEA240A7A99007D0D6D /* Base */,
			);
			name = Main.storyboard;
			sourceTree = "<group>";
		};
		1B6CFFEE240A7A9C007D0D6D /* LaunchScreen.storyboard */ = {
			isa = PBXVariantGroup;
			children = (
				1B6CFFEF240A7A9C007D0D6D /* Base */,
			);
			name = LaunchScreen.storyboard;
			sourceTree = "<group>";
		};
/* End PBXVariantGroup section */

/* Begin XCBuildConfiguration section */
		1B6CFFF2240A7A9C007D0D6D /* Debug */ = {
			isa = XCBuildConfiguration;
			buildSettings = {
				ALWAYS_SEARCH_USER_PATHS = NO;
				CLANG_ANALYZER_NONNULL = YES;
				CLANG_ANALYZER_NUMBER_OBJECT_CONVERSION = YES_AGGRESSIVE;
				CLANG_CXX_LANGUAGE_STANDARD = "gnu++14";
				CLANG_CXX_LIBRARY = "libc++";
				CLANG_ENABLE_MODULES = YES;
				CLANG_ENABLE_OBJC_ARC = YES;
				CLANG_ENABLE_OBJC_WEAK = YES;
				CLANG_WARN_BLOCK_CAPTURE_AUTORELEASING = YES;
				CLANG_WARN_BOOL_CONVERSION = YES;
				CLANG_WARN_COMMA = YES;
				CLANG_WARN_CONSTANT_CONVERSION = YES;
				CLANG_WARN_DEPRECATED_OBJC_IMPLEMENTATIONS = YES;
				CLANG_WARN_DIRECT_OBJC_ISA_USAGE = YES_ERROR;
				CLANG_WARN_DOCUMENTATION_COMMENTS = YES;
				CLANG_WARN_EMPTY_BODY = YES;
				CLANG_WARN_ENUM_CONVERSION = YES;
				CLANG_WARN_INFINITE_RECURSION = YES;
				CLANG_WARN_INT_CONVERSION = YES;
				CLANG_WARN_NON_LITERAL_NULL_CONVERSION = YES;
				CLANG_WARN_OBJC_IMPLICIT_RETAIN_SELF = YES;
				CLANG_WARN_OBJC_LITERAL_CONVERSION = YES;
				CLANG_WARN_OBJC_ROOT_CLASS = YES_ERROR;
				CLANG_WARN_RANGE_LOOP_ANALYSIS = YES;
				CLANG_WARN_STRICT_PROTOTYPES = YES;
				CLANG_WARN_SUSPICIOUS_MOVE = YES;
				CLANG_WARN_UNGUARDED_AVAILABILITY = YES_AGGRESSIVE;
				CLANG_WARN_UNREACHABLE_CODE = YES;
				CLANG_WARN__DUPLICATE_METHOD_MATCH = YES;
				COPY_PHASE_STRIP = NO;
				DEBUG_INFORMATION_FORMAT = dwarf;
				ENABLE_STRICT_OBJC_MSGSEND = YES;
				ENABLE_TESTABILITY = YES;
				GCC_C_LANGUAGE_STANDARD = gnu11;
				GCC_DYNAMIC_NO_PIC = NO;
				GCC_NO_COMMON_BLOCKS = YES;
				GCC_OPTIMIZATION_LEVEL = 0;
				GCC_PREPROCESSOR_DEFINITIONS = (
					"DEBUG=1",
					"$(inherited)",
				);
				GCC_WARN_64_TO_32_BIT_CONVERSION = YES;
				GCC_WARN_ABOUT_RETURN_TYPE = YES_ERROR;
				GCC_WARN_UNDECLARED_SELECTOR = YES;
				GCC_WARN_UNINITIALIZED_AUTOS = YES_AGGRESSIVE;
				GCC_WARN_UNUSED_FUNCTION = YES;
				GCC_WARN_UNUSED_VARIABLE = YES;
				IPHONEOS_DEPLOYMENT_TARGET = 13.2;
				MTL_ENABLE_DEBUG_INFO = INCLUDE_SOURCE;
				MTL_FAST_MATH = YES;
				ONLY_ACTIVE_ARCH = YES;
				SDKROOT = iphoneos;
				SWIFT_ACTIVE_COMPILATION_CONDITIONS = DEBUG;
				SWIFT_OPTIMIZATION_LEVEL = "-Onone";
			};
			name = Debug;
		};
		1B6CFFF3240A7A9C007D0D6D /* Release */ = {
			isa = XCBuildConfiguration;
			buildSettings = {
				ALWAYS_SEARCH_USER_PATHS = NO;
				CLANG_ANALYZER_NONNULL = YES;
				CLANG_ANALYZER_NUMBER_OBJECT_CONVERSION = YES_AGGRESSIVE;
				CLANG_CXX_LANGUAGE_STANDARD = "gnu++14";
				CLANG_CXX_LIBRARY = "libc++";
				CLANG_ENABLE_MODULES = YES;
				CLANG_ENABLE_OBJC_ARC = YES;
				CLANG_ENABLE_OBJC_WEAK = YES;
				CLANG_WARN_BLOCK_CAPTURE_AUTORELEASING = YES;
				CLANG_WARN_BOOL_CONVERSION = YES;
				CLANG_WARN_COMMA = YES;
				CLANG_WARN_CONSTANT_CONVERSION = YES;
				CLANG_WARN_DEPRECATED_OBJC_IMPLEMENTATIONS = YES;
				CLANG_WARN_DIRECT_OBJC_ISA_USAGE = YES_ERROR;
				CLANG_WARN_DOCUMENTATION_COMMENTS = YES;
				CLANG_WARN_EMPTY_BODY = YES;
				CLANG_WARN_ENUM_CONVERSION = YES;
				CLANG_WARN_INFINITE_RECURSION = YES;
				CLANG_WARN_INT_CONVERSION = YES;
				CLANG_WARN_NON_LITERAL_NULL_CONVERSION = YES;
				CLANG_WARN_OBJC_IMPLICIT_RETAIN_SELF = YES;
				CLANG_WARN_OBJC_LITERAL_CONVERSION = YES;
				CLANG_WARN_OBJC_ROOT_CLASS = YES_ERROR;
				CLANG_WARN_RANGE_LOOP_ANALYSIS = YES;
				CLANG_WARN_STRICT_PROTOTYPES = YES;
				CLANG_WARN_SUSPICIOUS_MOVE = YES;
				CLANG_WARN_UNGUARDED_AVAILABILITY = YES_AGGRESSIVE;
				CLANG_WARN_UNREACHABLE_CODE = YES;
				CLANG_WARN__DUPLICATE_METHOD_MATCH = YES;
				COPY_PHASE_STRIP = NO;
				DEBUG_INFORMATION_FORMAT = "dwarf-with-dsym";
				ENABLE_NS_ASSERTIONS = NO;
				ENABLE_STRICT_OBJC_MSGSEND = YES;
				GCC_C_LANGUAGE_STANDARD = gnu11;
				GCC_NO_COMMON_BLOCKS = YES;
				GCC_WARN_64_TO_32_BIT_CONVERSION = YES;
				GCC_WARN_ABOUT_RETURN_TYPE = YES_ERROR;
				GCC_WARN_UNDECLARED_SELECTOR = YES;
				GCC_WARN_UNINITIALIZED_AUTOS = YES_AGGRESSIVE;
				GCC_WARN_UNUSED_FUNCTION = YES;
				GCC_WARN_UNUSED_VARIABLE = YES;
				IPHONEOS_DEPLOYMENT_TARGET = 13.2;
				MTL_ENABLE_DEBUG_INFO = NO;
				MTL_FAST_MATH = YES;
				SDKROOT = iphoneos;
				SWIFT_COMPILATION_MODE = wholemodule;
				SWIFT_OPTIMIZATION_LEVEL = "-O";
				VALIDATE_PRODUCT = YES;
			};
			name = Release;
		};
		1B6CFFF5240A7A9C007D0D6D /* Debug */ = {
			isa = XCBuildConfiguration;
			buildSettings = {
				ASSETCATALOG_COMPILER_APPICON_NAME = AppIcon;
				CODE_SIGN_STYLE = Automatic;
				DEVELOPMENT_TEAM = 6C2L748B5N;
				INFOPLIST_FILE = QuestionApp/Info.plist;
				LD_RUNPATH_SEARCH_PATHS = (
					"$(inherited)",
					"@executable_path/Frameworks",
				);
				PRODUCT_BUNDLE_IDENTIFIER = com.kokichujo.QuestionApp;
				PRODUCT_NAME = "$(TARGET_NAME)";
				SWIFT_VERSION = 5.0;
				TARGETED_DEVICE_FAMILY = 1;
			};
			name = Debug;
		};
		1B6CFFF6240A7A9C007D0D6D /* Release */ = {
			isa = XCBuildConfiguration;
			buildSettings = {
				ASSETCATALOG_COMPILER_APPICON_NAME = AppIcon;
				CODE_SIGN_STYLE = Automatic;
				DEVELOPMENT_TEAM = 6C2L748B5N;
				INFOPLIST_FILE = QuestionApp/Info.plist;
				LD_RUNPATH_SEARCH_PATHS = (
					"$(inherited)",
					"@executable_path/Frameworks",
				);
				PRODUCT_BUNDLE_IDENTIFIER = com.kokichujo.QuestionApp;
				PRODUCT_NAME = "$(TARGET_NAME)";
				SWIFT_VERSION = 5.0;
				TARGETED_DEVICE_FAMILY = 1;
			};
			name = Release;
		};
/* End XCBuildConfiguration section */

/* Begin XCConfigurationList section */
		1B6CFFDB240A7A98007D0D6D /* Build configuration list for PBXProject "QuestionApp" */ = {
			isa = XCConfigurationList;
			buildConfigurations = (
				1B6CFFF2240A7A9C007D0D6D /* Debug */,
				1B6CFFF3240A7A9C007D0D6D /* Release */,
			);
			defaultConfigurationIsVisible = 0;
			defaultConfigurationName = Release;
		};
		1B6CFFF4240A7A9C007D0D6D /* Build configuration list for PBXNativeTarget "QuestionApp" */ = {
			isa = XCConfigurationList;
			buildConfigurations = (
				1B6CFFF5240A7A9C007D0D6D /* Debug */,
				1B6CFFF6240A7A9C007D0D6D /* Release */,
			);
			defaultConfigurationIsVisible = 0;
			defaultConfigurationName = Release;
		};
/* End XCConfigurationList section */
	};
	rootObject = 1B6CFFD8240A7A98007D0D6D /* Project object */;
}
